
Microsoft Visual Studio Solution File, Format Version 12.00
# Visual Studio Version 17
VisualStudioVersion = 17.5.33627.172
MinimumVisualStudioVersion = 10.0.40219.1
Project("{FAE04EC0-301F-11D3-BF4B-00C04F79EFBC}") = "SuperHeroAPI", "SuperHeroAPI\SuperHeroAPI.csproj", "{400722BA-4A77-42FB-B7B7-19FCF80EF6CB}"
EndProject
Global
	GlobalSection(SolutionConfigurationPlatforms) = preSolution
		Debug|Any CPU = Debug|Any CPU
		Release|Any CPU = Release|Any CPU
	EndGlobalSection
	GlobalSection(ProjectConfigurationPlatforms) = postSolution
		{400722BA-4A77-42FB-B7B7-19FCF80EF6CB}.Debug|Any CPU.ActiveCfg = Debug|Any CPU
		{400722BA-4A77-42FB-B7B7-19FCF80EF6CB}.Debug|Any CPU.Build.0 = Debug|Any CPU
		{400722BA-4A77-42FB-B7B7-19FCF80EF6CB}.Release|Any CPU.ActiveCfg = Release|Any CPU
		{400722BA-4A77-42FB-B7B7-19FCF80EF6CB}.Release|Any CPU.Build.0 = Release|Any CPU
	EndGlobalSection
	GlobalSection(SolutionProperties) = preSolution
		HideSolutionNode = FALSE
	EndGlobalSection
	GlobalSection(ExtensibilityGlobals) = postSolution
		SolutionGuid = {836E1694-E7E7-4008-A4DA-6982B8D76C96}
	EndGlobalSection
EndGlobal
